
Microsoft Visual Studio Solution File, Format Version 12.00
# Visual Studio Version 17
VisualStudioVersion = 17.9.34714.143
MinimumVisualStudioVersion = 10.0.40219.1
Project("{FAE04EC0-301F-11D3-BF4B-00C04F79EFBC}") = "Cociliador.Api", "Cociliador.Api\Cociliador.Api.csproj", "{306BE6E7-A78C-485D-BA54-48D569056171}"
EndProject
Global
	GlobalSection(SolutionConfigurationPlatforms) = preSolution
		Debug|Any CPU = Debug|Any CPU
		Release|Any CPU = Release|Any CPU
	EndGlobalSection
	GlobalSection(ProjectConfigurationPlatforms) = postSolution
		{306BE6E7-A78C-485D-BA54-48D569056171}.Debug|Any CPU.ActiveCfg = Debug|Any CPU
		{306BE6E7-A78C-485D-BA54-48D569056171}.Debug|Any CPU.Build.0 = Debug|Any CPU
		{306BE6E7-A78C-485D-BA54-48D569056171}.Release|Any CPU.ActiveCfg = Release|Any CPU
		{306BE6E7-A78C-485D-BA54-48D569056171}.Release|Any CPU.Build.0 = Release|Any CPU
	EndGlobalSection
	GlobalSection(SolutionProperties) = preSolution
		HideSolutionNode = FALSE
	EndGlobalSection
	GlobalSection(ExtensibilityGlobals) = postSolution
		SolutionGuid = {40D7785A-5115-4D58-84E4-75028C726DAA}
	EndGlobalSection
EndGlobal
